
Microsoft Visual Studio Solution File, Format Version 12.00
# Visual Studio Version 17
VisualStudioVersion = 17.14.36705.20 d17.14
MinimumVisualStudioVersion = 10.0.40219.1
Project("{FAE04EC0-301F-11D3-BF4B-00C04F79EFBC}") = "WPF_BS_SAM_Braille", "WPF_BS_SAM_Braille.csproj", "{CB1597D7-93EA-45C9-ACAA-6BA1EAEC3CAA}"
EndProject
Global
	GlobalSection(SolutionConfigurationPlatforms) = preSolution
		Debug|Any CPU = Debug|Any CPU
		Release|Any CPU = Release|Any CPU
	EndGlobalSection
	GlobalSection(ProjectConfigurationPlatforms) = postSolution
		{CB1597D7-93EA-45C9-ACAA-6BA1EAEC3CAA}.Debug|Any CPU.ActiveCfg = Debug|Any CPU
		{CB1597D7-93EA-45C9-ACAA-6BA1EAEC3CAA}.Debug|Any CPU.Build.0 = Debug|Any CPU
		{CB1597D7-93EA-45C9-ACAA-6BA1EAEC3CAA}.Release|Any CPU.ActiveCfg = Release|Any CPU
		{CB1597D7-93EA-45C9-ACAA-6BA1EAEC3CAA}.Release|Any CPU.Build.0 = Release|Any CPU
	EndGlobalSection
	GlobalSection(SolutionProperties) = preSolution
		HideSolutionNode = FALSE
	EndGlobalSection
	GlobalSection(ExtensibilityGlobals) = postSolution
		SolutionGuid = {39879AF2-A533-4700-9B8E-9741F2AC85A4}
	EndGlobalSection
EndGlobal
